<?xml version="1.0" encoding="utf-8"?>
<Project ToolsVersion="4.0" xmlns="http://schemas.microsoft.com/developer/msbuild/2003">
  <ItemGroup>
    <Filter Include="Fichiers sources">
      <UniqueIdentifier>{4FC737F1-C7A5-4376-A066-2A32D752A2FF}</UniqueIdentifier>
      <Extensions>cpp;c;cc;cxx;c++;cppm;ixx;def;odl;idl;hpj;bat;asm;asmx</Extensions>
    </Filter>
    <Filter Include="Fichiers d%27en-tête">
      <UniqueIdentifier>{93995380-89BD-4b04-88EB-625FBE52EBFB}</UniqueIdentifier>
      <Extensions>h;hh;hpp;hxx;h++;hm;inl;inc;ipp;xsd</Extensions>
    </Filter>
    <Filter Include="Fichiers de ressources">
      <UniqueIdentifier>{67DA6AB6-F800-4c08-8B7A-83BB121AAD01}</UniqueIdentifier>
      <Extensions>rc;ico;cur;bmp;dlg;rc2;rct;bin;rgs;gif;jpg;jpeg;jpe;resx;tiff;tif;png;wav;mfcribbon-ms</Extensions>
    </Filter>
    <Filter Include="Fichiers sources\libs">
      <UniqueIdentifier>{a9e2b7ac-0836-41bc-81ef-034d6f0f3e9e}</UniqueIdentifier>
    </Filter>
    <Filter Include="Fichiers d%27en-tête\h">
      <UniqueIdentifier>{14cf7751-785e-454f-b4d1-dbfeecc295fe}</UniqueIdentifier>
    </Filter>
  </ItemGroup>
  <ItemGroup>
    <ClCompile Include="Main.c">
      <Filter>Fichiers sources</Filter>
    </ClCompile>
    <ClCompile Include="init.c">
      <Filter>Fichiers sources</Filter>
    </ClCompile>
    <ClCompile Include="ImageSystem.c">
      <Filter>Fichiers sources</Filter>
    </ClCompile>
    <ClCompile Include="filesystem.c">
      <Filter>Fichiers sources</Filter>
    </ClCompile>
    <ClCompile Include="BasicFunctions.c">
      <Filter>Fichiers sources</Filter>
    </ClCompile>
    <ClCompile Include="Debug.c">
      <Filter>Fichiers sources</Filter>
    </ClCompile>
    <ClCompile Include="ClosingFunctions.c">
      <Filter>Fichiers sources</Filter>
    </ClCompile>
    <ClCompile Include="libs\ListStrings.c">
      <Filter>Fichiers sources\libs</Filter>
    </ClCompile>
    <ClCompile Include="libs\String.c">
      <Filter>Fichiers sources\libs</Filter>
    </ClCompile>
    <ClCompile Include="libs\Database.c">
      <Filter>Fichiers sources\libs</Filter>
    </ClCompile>
    <ClCompile Include="libs\Files.c">
      <Filter>Fichiers sources\libs</Filter>
    </ClCompile>
    <ClCompile Include="libs\Bin.c">
      <Filter>Fichiers sources\libs</Filter>
    </ClCompile>
  </ItemGroup>
  <ItemGroup>
    <ClInclude Include="Filesystem.h">
      <Filter>Fichiers d%27en-tête</Filter>
    </ClInclude>
    <ClInclude Include="Debuging.h">
      <Filter>Fichiers d%27en-tête</Filter>
    </ClInclude>
    <ClInclude Include="libs\h\ListStrings.h">
      <Filter>Fichiers d%27en-tête\h</Filter>
    </ClInclude>
    <ClInclude Include="libs\h\String.h">
      <Filter>Fichiers d%27en-tête\h</Filter>
    </ClInclude>
    <ClInclude Include="Marcos.h">
      <Filter>Fichiers d%27en-tête</Filter>
    </ClInclude>
    <ClInclude Include="Color.h">
      <Filter>Fichiers d%27en-tête</Filter>
    </ClInclude>
    <ClInclude Include="Options.h">
      <Filter>Fichiers d%27en-tête</Filter>
    </ClInclude>
    <ClInclude Include="Reference.h">
      <Filter>Fichiers d%27en-tête</Filter>
    </ClInclude>
    <ClInclude Include="libs\h\Database.h">
      <Filter>Fichiers d%27en-tête\h</Filter>
    </ClInclude>
    <ClInclude Include="libs\h\Files.h">
      <Filter>Fichiers d%27en-tête\h</Filter>
    </ClInclude>
    <ClInclude Include="libs\h\Bin.h">
      <Filter>Fichiers d%27en-tête\h</Filter>
    </ClInclude>
    <ClInclude Include="BasicFunctions.h">
      <Filter>Fichiers d%27en-tête</Filter>
    </ClInclude>
  </ItemGroup>
</Project>